
Microsoft Visual Studio Solution File, Format Version 12.00
# Visual Studio Version 17
VisualStudioVersion = 17.10.34928.147
MinimumVisualStudioVersion = 10.0.40219.1
Project("{8BC9CEB8-8B4A-11D0-8D11-00A0C91BC942}") = "Project2", "Project2.vcxproj", "{ADC7D74B-CA46-4293-B193-13EB9BBFB468}"
EndProject
Global
	GlobalSection(SolutionConfigurationPlatforms) = preSolution
		Debug|x64 = Debug|x64
		Debug|x86 = Debug|x86
		Release|x64 = Release|x64
		Release|x86 = Release|x86
	EndGlobalSection
	GlobalSection(ProjectConfigurationPlatforms) = postSolution
		{ADC7D74B-CA46-4293-B193-13EB9BBFB468}.Debug|x64.ActiveCfg = Debug|x64
		{ADC7D74B-CA46-4293-B193-13EB9BBFB468}.Debug|x64.Build.0 = Debug|x64
		{ADC7D74B-CA46-4293-B193-13EB9BBFB468}.Debug|x86.ActiveCfg = Debug|Win32
		{ADC7D74B-CA46-4293-B193-13EB9BBFB468}.Debug|x86.Build.0 = Debug|Win32
		{ADC7D74B-CA46-4293-B193-13EB9BBFB468}.Release|x64.ActiveCfg = Release|x64
		{ADC7D74B-CA46-4293-B193-13EB9BBFB468}.Release|x64.Build.0 = Release|x64
		{ADC7D74B-CA46-4293-B193-13EB9BBFB468}.Release|x86.ActiveCfg = Release|Win32
		{ADC7D74B-CA46-4293-B193-13EB9BBFB468}.Release|x86.Build.0 = Release|Win32
	EndGlobalSection
	GlobalSection(SolutionProperties) = preSolution
		HideSolutionNode = FALSE
	EndGlobalSection
	GlobalSection(ExtensibilityGlobals) = postSolution
		SolutionGuid = {1CD04B14-3468-4798-9509-6EBE93DFE3A2}
	EndGlobalSection
EndGlobal
